PODS:
  - AFNetworking (3.2.1):
    - AFNetworking/NSURLSession (= 3.2.1)
    - AFNetworking/Reachability (= 3.2.1)
    - AFNetworking/Security (= 3.2.1)
    - AFNetworking/Serialization (= 3.2.1)
    - AFNetworking/UIKit (= 3.2.1)
  - AFNetworking/NSURLSession (3.2.1):
    - AFNetworking/Reachability
    - AFNetworking/Security
    - AFNetworking/Serialization
  - AFNetworking/Reachability (3.2.1)
  - AFNetworking/Security (3.2.1)
  - AFNetworking/Serialization (3.2.1)
  - AFNetworking/UIKit (3.2.1):
    - AFNetworking/NSURLSession
  - CHTCollectionViewWaterfallLayout (0.9.7):
    - CHTCollectionViewWaterfallLayout/ObjC (= 0.9.7)
  - CHTCollectionViewWaterfallLayout/ObjC (0.9.7)
  - FDFullscreenPopGesture (1.1)
  - FMDB (2.7.5):
    - FMDB/standard (= 2.7.5)
  - FMDB/standard (2.7.5)
  - JKCategories (1.8.1):
    - JKCategories/CoreData (= 1.8.1)
    - JKCategories/CoreLocation (= 1.8.1)
    - JKCategories/Foundation (= 1.8.1)
    - JKCategories/MapKit (= 1.8.1)
    - JKCategories/QuartzCore (= 1.8.1)
    - JKCategories/UIKit (= 1.8.1)
  - JKCategories/CoreData (1.8.1):
    - JKCategories/CoreData/NSFetchRequest (= 1.8.1)
    - JKCategories/CoreData/NSManagedObject (= 1.8.1)
    - JKCategories/CoreData/NSManagedObjectContext (= 1.8.1)
  - JKCategories/CoreData/NSFetchRequest (1.8.1)
  - JKCategories/CoreData/NSManagedObject (1.8.1):
    - JKCategories/CoreData/NSManagedObjectContext
  - JKCategories/CoreData/NSManagedObjectContext (1.8.1):
    - JKCategories/CoreData/NSFetchRequest
  - JKCategories/CoreLocation (1.8.1):
    - JKCategories/CoreLocation/CLLocation (= 1.8.1)
  - JKCategories/CoreLocation/CLLocation (1.8.1)
  - JKCategories/Foundation (1.8.1):
    - JKCategories/Foundation/NSArray (= 1.8.1)
    - JKCategories/Foundation/NSBundle (= 1.8.1)
    - JKCategories/Foundation/NSData (= 1.8.1)
    - JKCategories/Foundation/NSDate (= 1.8.1)
    - JKCategories/Foundation/NSDateFormatter (= 1.8.1)
    - JKCategories/Foundation/NSDictionary (= 1.8.1)
    - JKCategories/Foundation/NSException (= 1.8.1)
    - JKCategories/Foundation/NSFileHandle (= 1.8.1)
    - JKCategories/Foundation/NSFileManager (= 1.8.1)
    - JKCategories/Foundation/NSHTTPCookieStorage (= 1.8.1)
    - JKCategories/Foundation/NSIndexPath (= 1.8.1)
    - JKCategories/Foundation/NSInvocation (= 1.8.1)
    - JKCategories/Foundation/NSNotificationCenter (= 1.8.1)
    - JKCategories/Foundation/NSNumber (= 1.8.1)
    - JKCategories/Foundation/NSObject (= 1.8.1)
    - JKCategories/Foundation/NSRunLoop (= 1.8.1)
    - JKCategories/Foundation/NSSet (= 1.8.1)
    - JKCategories/Foundation/NSString (= 1.8.1)
    - JKCategories/Foundation/NSTimer (= 1.8.1)
    - JKCategories/Foundation/NSURL (= 1.8.1)
    - JKCategories/Foundation/NSURLConnection (= 1.8.1)
    - JKCategories/Foundation/NSURLRequest (= 1.8.1)
    - JKCategories/Foundation/NSURLSession (= 1.8.1)
    - JKCategories/Foundation/NSUserDefaults (= 1.8.1)
  - JKCategories/Foundation/NSArray (1.8.1)
  - JKCategories/Foundation/NSBundle (1.8.1)
  - JKCategories/Foundation/NSData (1.8.1)
  - JKCategories/Foundation/NSDate (1.8.1)
  - JKCategories/Foundation/NSDateFormatter (1.8.1)
  - JKCategories/Foundation/NSDictionary (1.8.1)
  - JKCategories/Foundation/NSException (1.8.1)
  - JKCategories/Foundation/NSFileHandle (1.8.1)
  - JKCategories/Foundation/NSFileManager (1.8.1)
  - JKCategories/Foundation/NSHTTPCookieStorage (1.8.1)
  - JKCategories/Foundation/NSIndexPath (1.8.1)
  - JKCategories/Foundation/NSInvocation (1.8.1)
  - JKCategories/Foundation/NSNotificationCenter (1.8.1)
  - JKCategories/Foundation/NSNumber (1.8.1)
  - JKCategories/Foundation/NSObject (1.8.1)
  - JKCategories/Foundation/NSRunLoop (1.8.1)
  - JKCategories/Foundation/NSSet (1.8.1)
  - JKCategories/Foundation/NSString (1.8.1):
    - JKCategories/Foundation/NSData
  - JKCategories/Foundation/NSTimer (1.8.1)
  - JKCategories/Foundation/NSURL (1.8.1)
  - JKCategories/Foundation/NSURLConnection (1.8.1)
  - JKCategories/Foundation/NSURLRequest (1.8.1)
  - JKCategories/Foundation/NSURLSession (1.8.1)
  - JKCategories/Foundation/NSUserDefaults (1.8.1)
  - JKCategories/MapKit (1.8.1):
    - JKCategories/MapKit/MKMapView (= 1.8.1)
  - JKCategories/MapKit/MKMapView (1.8.1)
  - JKCategories/QuartzCore (1.8.1):
    - JKCategories/QuartzCore/CAAnimation (= 1.8.1)
    - JKCategories/QuartzCore/CALayer (= 1.8.1)
    - JKCategories/QuartzCore/CAMediaTimingFunction (= 1.8.1)
    - JKCategories/QuartzCore/CAShapeLayer (= 1.8.1)
    - JKCategories/QuartzCore/CATransaction (= 1.8.1)
  - JKCategories/QuartzCore/CAAnimation (1.8.1)
  - JKCategories/QuartzCore/CALayer (1.8.1)
  - JKCategories/QuartzCore/CAMediaTimingFunction (1.8.1)
  - JKCategories/QuartzCore/CAShapeLayer (1.8.1)
  - JKCategories/QuartzCore/CATransaction (1.8.1)
  - JKCategories/UIKit (1.8.1):
    - JKCategories/UIKit/UIAlertView (= 1.8.1)
    - JKCategories/UIKit/UIApplication (= 1.8.1)
    - JKCategories/UIKit/UIBarButtonItem (= 1.8.1)
    - JKCategories/UIKit/UIBezierPath (= 1.8.1)
    - JKCategories/UIKit/UIButton (= 1.8.1)
    - JKCategories/UIKit/UIColor (= 1.8.1)
    - JKCategories/UIKit/UIControl (= 1.8.1)
    - JKCategories/UIKit/UIDevice (= 1.8.1)
    - JKCategories/UIKit/UIFont (= 1.8.1)
    - JKCategories/UIKit/UIImage (= 1.8.1)
    - JKCategories/UIKit/UIImageView (= 1.8.1)
    - JKCategories/UIKit/UILable (= 1.8.1)
    - JKCategories/UIKit/UINavigationBar (= 1.8.1)
    - JKCategories/UIKit/UINavigationController (= 1.8.1)
    - JKCategories/UIKit/UINavigationItem (= 1.8.1)
    - JKCategories/UIKit/UIPopoverController (= 1.8.1)
    - JKCategories/UIKit/UIResponder (= 1.8.1)
    - JKCategories/UIKit/UIScreen (= 1.8.1)
    - JKCategories/UIKit/UIScrollView (= 1.8.1)
    - JKCategories/UIKit/UISearchBar (= 1.8.1)
    - JKCategories/UIKit/UISplitViewController (= 1.8.1)
    - JKCategories/UIKit/UITableView (= 1.8.1)
    - JKCategories/UIKit/UITableViewCell (= 1.8.1)
    - JKCategories/UIKit/UITextField (= 1.8.1)
    - JKCategories/UIKit/UITextView (= 1.8.1)
    - JKCategories/UIKit/UIView (= 1.8.1)
    - JKCategories/UIKit/UIViewController (= 1.8.1)
    - JKCategories/UIKit/UIWebView (= 1.8.1)
    - JKCategories/UIKit/UIWindow (= 1.8.1)
  - JKCategories/UIKit/UIAlertView (1.8.1)
  - JKCategories/UIKit/UIApplication (1.8.1)
  - JKCategories/UIKit/UIBarButtonItem (1.8.1)
  - JKCategories/UIKit/UIBezierPath (1.8.1)
  - JKCategories/UIKit/UIButton (1.8.1)
  - JKCategories/UIKit/UIColor (1.8.1)
  - JKCategories/UIKit/UIControl (1.8.1)
  - JKCategories/UIKit/UIDevice (1.8.1)
  - JKCategories/UIKit/UIFont (1.8.1)
  - JKCategories/UIKit/UIImage (1.8.1)
  - JKCategories/UIKit/UIImageView (1.8.1)
  - JKCategories/UIKit/UILable (1.8.1)
  - JKCategories/UIKit/UINavigationBar (1.8.1)
  - JKCategories/UIKit/UINavigationController (1.8.1)
  - JKCategories/UIKit/UINavigationItem (1.8.1)
  - JKCategories/UIKit/UIPopoverController (1.8.1)
  - JKCategories/UIKit/UIResponder (1.8.1)
  - JKCategories/UIKit/UIScreen (1.8.1)
  - JKCategories/UIKit/UIScrollView (1.8.1)
  - JKCategories/UIKit/UISearchBar (1.8.1)
  - JKCategories/UIKit/UISplitViewController (1.8.1)
  - JKCategories/UIKit/UITableView (1.8.1)
  - JKCategories/UIKit/UITableViewCell (1.8.1)
  - JKCategories/UIKit/UITextField (1.8.1)
  - JKCategories/UIKit/UITextView (1.8.1)
  - JKCategories/UIKit/UIView (1.8.1)
  - JKCategories/UIKit/UIViewController (1.8.1)
  - JKCategories/UIKit/UIWebView (1.8.1):
    - JKCategories/UIKit/UIColor
  - JKCategories/UIKit/UIWindow (1.8.1)
  - LxDBAnything (1.1.0)
  - Masonry (1.1.0)
  - MJRefresh (3.2.0)
  - ReactiveObjC (3.1.1)
  - RSKImageCropper (2.2.1)
  - SDWebImage (5.1.0):
    - SDWebImage/Core (= 5.1.0)
  - SDWebImage/Core (5.1.0)
  - SSZipArchive (2.2.2)
  - SVProgressHUD (2.2.5)
  - UIFontWDCustomLoader (0.1.0)
  - "UITableView+FDTemplateLayoutCell (1.6)"
  - Valet (2.4.2)
  - XTBase (1.2.0):
    - Masonry
    - MJRefresh
    - ReactiveObjC
    - SDWebImage
    - SSZipArchive
    - SVProgressHUD
    - UIFontWDCustomLoader
    - "UITableView+FDTemplateLayoutCell"
    - Valet (= 2.4.2)
    - YYModel
  - XTColor (1.0.4)
  - XTFMDB (2.0.6):
    - FMDB
    - YYModel
  - XTReq (2.1.0):
    - AFNetworking
    - SVProgressHUD
    - XTFMDB (> 2.0.0)
    - YYModel
  - YYModel (1.0.4)

DEPENDENCIES:
  - CHTCollectionViewWaterfallLayout
  - FDFullscreenPopGesture
  - JKCategories
  - LxDBAnything
  - RSKImageCropper (= 2.2.1)
  - XTBase (from `../XTBase/`)
  - XTColor (from `../XTColor/`)
  - XTFMDB (from `../XTFMDB/`)
  - XTReq (from `../XTReq/`)

SPEC REPOS:
  https://github.com/cocoapods/specs.git:
    - AFNetworking
    - CHTCollectionViewWaterfallLayout
    - FDFullscreenPopGesture
    - FMDB
    - JKCategories
    - LxDBAnything
    - Masonry
    - MJRefresh
    - ReactiveObjC
    - RSKImageCropper
    - SDWebImage
    - SSZipArchive
    - SVProgressHUD
    - UIFontWDCustomLoader
    - "UITableView+FDTemplateLayoutCell"
    - Valet
    - YYModel

EXTERNAL SOURCES:
  XTBase:
    :path: "../XTBase/"
  XTColor:
    :path: "../XTColor/"
  XTFMDB:
    :path: "../XTFMDB/"
  XTReq:
    :path: "../XTReq/"

SPEC CHECKSUMS:
  AFNetworking: b6f891fdfaed196b46c7a83cf209e09697b94057
  CHTCollectionViewWaterfallLayout: 9d11068fafecac106695bb5a5d6d0f738483b598
  FDFullscreenPopGesture: a8a620179e3d9c40e8e00256dcee1c1a27c6d0f0
  FMDB: 2ce00b547f966261cd18927a3ddb07cb6f3db82a
  JKCategories: d5fecfa4f790685ea20daea319f74a8701d4c3ab
  LxDBAnything: 154a2ad1ae32e70355d886b5443260543bb60c71
  Masonry: 678fab65091a9290e40e2832a55e7ab731aad201
  MJRefresh: ed450d6eb9d3346a2cb033ab7eb6de090aeef437
  ReactiveObjC: 011caa393aa0383245f2dcf9bf02e86b80b36040
  RSKImageCropper: 98296ad26b41753f796b6898d015509598f13d97
  SDWebImage: fb387001955223213dde14bc08c8b73f371f8d8f
  SSZipArchive: fa16b8cc4cdeceb698e5e5d9f67e9558532fbf23
  SVProgressHUD: 1428aafac632c1f86f62aa4243ec12008d7a51d6
  UIFontWDCustomLoader: 233f0f83e543b8f24a6299d7fc773be9d704fe22
  "UITableView+FDTemplateLayoutCell": 5c949b4a5059c404b442926c0e80f81d10a2d66f
  Valet: 14463ef24fab8fd5809044ecedb61484b799fdd6
  XTBase: ad76cc9ee7e9aff99e0d16017bf2f6013a390d57
  XTColor: 0151b3b61e3b1de2dc29fcdb4a0a22758c8a38df
  XTFMDB: 0891f3355697ebbc3d75f373bcda34329f2d5d94
  XTReq: f5added0278758ca358f62a3de30a118f1b6d94a
  YYModel: 2a7fdd96aaa4b86a824e26d0c517de8928c04b30

PODFILE CHECKSUM: 0e892b2d1e1138157a96ada6984bf7f1bdbc4d9f

COCOAPODS: 1.7.5
