PODS:
  - AFNetworking (3.2.1):
    - AFNetworking/NSURLSession (= 3.2.1)
    - AFNetworking/Reachability (= 3.2.1)
    - AFNetworking/Security (= 3.2.1)
    - AFNetworking/Serialization (= 3.2.1)
    - AFNetworking/UIKit (= 3.2.1)
  - AFNetworking/NSURLSession (3.2.1):
    - AFNetworking/Reachability
    - AFNetworking/Security
    - AFNetworking/Serialization
  - AFNetworking/Reachability (3.2.1)
  - AFNetworking/Security (3.2.1)
  - AFNetworking/Serialization (3.2.1)
  - AFNetworking/UIKit (3.2.1):
    - AFNetworking/NSURLSession
  - CYLTableViewPlaceHolder (1.0.9)
  - FMDB (2.7.5):
    - FMDB/standard (= 2.7.5)
  - FMDB/standard (2.7.5)
  - FTPopOverMenu (2.0.1)
  - JKCategories (1.8):
    - JKCategories/CoreData (= 1.8)
    - JKCategories/CoreLocation (= 1.8)
    - JKCategories/Foundation (= 1.8)
    - JKCategories/MapKit (= 1.8)
    - JKCategories/QuartzCore (= 1.8)
    - JKCategories/UIKit (= 1.8)
  - JKCategories/CoreData (1.8):
    - JKCategories/CoreData/NSFetchRequest (= 1.8)
    - JKCategories/CoreData/NSManagedObject (= 1.8)
    - JKCategories/CoreData/NSManagedObjectContext (= 1.8)
  - JKCategories/CoreData/NSFetchRequest (1.8)
  - JKCategories/CoreData/NSManagedObject (1.8):
    - JKCategories/CoreData/NSManagedObjectContext
  - JKCategories/CoreData/NSManagedObjectContext (1.8):
    - JKCategories/CoreData/NSFetchRequest
  - JKCategories/CoreLocation (1.8):
    - JKCategories/CoreLocation/CLLocation (= 1.8)
  - JKCategories/CoreLocation/CLLocation (1.8)
  - JKCategories/Foundation (1.8):
    - JKCategories/Foundation/NSArray (= 1.8)
    - JKCategories/Foundation/NSBundle (= 1.8)
    - JKCategories/Foundation/NSData (= 1.8)
    - JKCategories/Foundation/NSDate (= 1.8)
    - JKCategories/Foundation/NSDateFormatter (= 1.8)
    - JKCategories/Foundation/NSDictionary (= 1.8)
    - JKCategories/Foundation/NSException (= 1.8)
    - JKCategories/Foundation/NSFileHandle (= 1.8)
    - JKCategories/Foundation/NSFileManager (= 1.8)
    - JKCategories/Foundation/NSHTTPCookieStorage (= 1.8)
    - JKCategories/Foundation/NSIndexPath (= 1.8)
    - JKCategories/Foundation/NSInvocation (= 1.8)
    - JKCategories/Foundation/NSNotificationCenter (= 1.8)
    - JKCategories/Foundation/NSNumber (= 1.8)
    - JKCategories/Foundation/NSObject (= 1.8)
    - JKCategories/Foundation/NSRunLoop (= 1.8)
    - JKCategories/Foundation/NSSet (= 1.8)
    - JKCategories/Foundation/NSString (= 1.8)
    - JKCategories/Foundation/NSTimer (= 1.8)
    - JKCategories/Foundation/NSURL (= 1.8)
    - JKCategories/Foundation/NSURLConnection (= 1.8)
    - JKCategories/Foundation/NSURLRequest (= 1.8)
    - JKCategories/Foundation/NSURLSession (= 1.8)
    - JKCategories/Foundation/NSUserDefaults (= 1.8)
  - JKCategories/Foundation/NSArray (1.8)
  - JKCategories/Foundation/NSBundle (1.8)
  - JKCategories/Foundation/NSData (1.8)
  - JKCategories/Foundation/NSDate (1.8)
  - JKCategories/Foundation/NSDateFormatter (1.8)
  - JKCategories/Foundation/NSDictionary (1.8)
  - JKCategories/Foundation/NSException (1.8)
  - JKCategories/Foundation/NSFileHandle (1.8)
  - JKCategories/Foundation/NSFileManager (1.8)
  - JKCategories/Foundation/NSHTTPCookieStorage (1.8)
  - JKCategories/Foundation/NSIndexPath (1.8)
  - JKCategories/Foundation/NSInvocation (1.8)
  - JKCategories/Foundation/NSNotificationCenter (1.8)
  - JKCategories/Foundation/NSNumber (1.8)
  - JKCategories/Foundation/NSObject (1.8)
  - JKCategories/Foundation/NSRunLoop (1.8)
  - JKCategories/Foundation/NSSet (1.8)
  - JKCategories/Foundation/NSString (1.8):
    - JKCategories/Foundation/NSData
  - JKCategories/Foundation/NSTimer (1.8)
  - JKCategories/Foundation/NSURL (1.8)
  - JKCategories/Foundation/NSURLConnection (1.8)
  - JKCategories/Foundation/NSURLRequest (1.8)
  - JKCategories/Foundation/NSURLSession (1.8)
  - JKCategories/Foundation/NSUserDefaults (1.8)
  - JKCategories/MapKit (1.8):
    - JKCategories/MapKit/MKMapView (= 1.8)
  - JKCategories/MapKit/MKMapView (1.8)
  - JKCategories/QuartzCore (1.8):
    - JKCategories/QuartzCore/CAAnimation (= 1.8)
    - JKCategories/QuartzCore/CALayer (= 1.8)
    - JKCategories/QuartzCore/CAMediaTimingFunction (= 1.8)
    - JKCategories/QuartzCore/CAShapeLayer (= 1.8)
    - JKCategories/QuartzCore/CATransaction (= 1.8)
  - JKCategories/QuartzCore/CAAnimation (1.8)
  - JKCategories/QuartzCore/CALayer (1.8)
  - JKCategories/QuartzCore/CAMediaTimingFunction (1.8)
  - JKCategories/QuartzCore/CAShapeLayer (1.8)
  - JKCategories/QuartzCore/CATransaction (1.8)
  - JKCategories/UIKit (1.8):
    - JKCategories/UIKit/UIAlertView (= 1.8)
    - JKCategories/UIKit/UIApplication (= 1.8)
    - JKCategories/UIKit/UIBarButtonItem (= 1.8)
    - JKCategories/UIKit/UIBezierPath (= 1.8)
    - JKCategories/UIKit/UIButton (= 1.8)
    - JKCategories/UIKit/UIColor (= 1.8)
    - JKCategories/UIKit/UIControl (= 1.8)
    - JKCategories/UIKit/UIDevice (= 1.8)
    - JKCategories/UIKit/UIFont (= 1.8)
    - JKCategories/UIKit/UIImage (= 1.8)
    - JKCategories/UIKit/UIImageView (= 1.8)
    - JKCategories/UIKit/UILable (= 1.8)
    - JKCategories/UIKit/UINavigationBar (= 1.8)
    - JKCategories/UIKit/UINavigationController (= 1.8)
    - JKCategories/UIKit/UINavigationItem (= 1.8)
    - JKCategories/UIKit/UIPopoverController (= 1.8)
    - JKCategories/UIKit/UIResponder (= 1.8)
    - JKCategories/UIKit/UIScreen (= 1.8)
    - JKCategories/UIKit/UIScrollView (= 1.8)
    - JKCategories/UIKit/UISearchBar (= 1.8)
    - JKCategories/UIKit/UISplitViewController (= 1.8)
    - JKCategories/UIKit/UITableView (= 1.8)
    - JKCategories/UIKit/UITableViewCell (= 1.8)
    - JKCategories/UIKit/UITextField (= 1.8)
    - JKCategories/UIKit/UITextView (= 1.8)
    - JKCategories/UIKit/UIView (= 1.8)
    - JKCategories/UIKit/UIViewController (= 1.8)
    - JKCategories/UIKit/UIWebView (= 1.8)
    - JKCategories/UIKit/UIWindow (= 1.8)
  - JKCategories/UIKit/UIAlertView (1.8)
  - JKCategories/UIKit/UIApplication (1.8)
  - JKCategories/UIKit/UIBarButtonItem (1.8)
  - JKCategories/UIKit/UIBezierPath (1.8)
  - JKCategories/UIKit/UIButton (1.8)
  - JKCategories/UIKit/UIColor (1.8)
  - JKCategories/UIKit/UIControl (1.8)
  - JKCategories/UIKit/UIDevice (1.8)
  - JKCategories/UIKit/UIFont (1.8)
  - JKCategories/UIKit/UIImage (1.8)
  - JKCategories/UIKit/UIImageView (1.8)
  - JKCategories/UIKit/UILable (1.8)
  - JKCategories/UIKit/UINavigationBar (1.8)
  - JKCategories/UIKit/UINavigationController (1.8)
  - JKCategories/UIKit/UINavigationItem (1.8)
  - JKCategories/UIKit/UIPopoverController (1.8)
  - JKCategories/UIKit/UIResponder (1.8)
  - JKCategories/UIKit/UIScreen (1.8)
  - JKCategories/UIKit/UIScrollView (1.8)
  - JKCategories/UIKit/UISearchBar (1.8)
  - JKCategories/UIKit/UISplitViewController (1.8)
  - JKCategories/UIKit/UITableView (1.8)
  - JKCategories/UIKit/UITableViewCell (1.8)
  - JKCategories/UIKit/UITextField (1.8)
  - JKCategories/UIKit/UITextView (1.8)
  - JKCategories/UIKit/UIView (1.8)
  - JKCategories/UIKit/UIViewController (1.8)
  - JKCategories/UIKit/UIWebView (1.8):
    - JKCategories/UIKit/UIColor
  - JKCategories/UIKit/UIWindow (1.8)
  - LxDBAnything (1.1.0)
  - Masonry (1.1.0)
  - MJRefresh (3.1.15.7)
  - ReactiveObjC (3.1.0)
  - RxWebViewController (0.0.2)
  - SDWebImage (4.4.2):
    - SDWebImage/Core (= 4.4.2)
  - SDWebImage/Core (4.4.2)
  - SSZipArchive (2.1.4)
  - SVProgressHUD (2.2.5)
  - "UITableView+FDTemplateLayoutCell (1.6)"
  - Valet (2.4.2)
  - XTBase (0.0.2):
    - CYLTableViewPlaceHolder
    - FTPopOverMenu
    - Masonry
    - MJRefresh
    - ReactiveObjC
    - RxWebViewController
    - SDWebImage
    - SSZipArchive
    - SVProgressHUD
    - "UITableView+FDTemplateLayoutCell"
    - Valet (= 2.4.2)
    - YYModel
  - XTColor (1.0.3)
  - XTFMDB (2.0.5):
    - FMDB
    - YYModel
  - XTReq (2.0.4):
    - AFNetworking
    - SVProgressHUD
    - XTFMDB (> 2.0.0)
    - YYModel
  - YYModel (1.0.4)

DEPENDENCIES:
  - JKCategories
  - LxDBAnything
  - XTBase
  - XTColor
  - XTFMDB
  - XTReq

SPEC REPOS:
  https://github.com/cocoapods/specs.git:
    - AFNetworking
    - CYLTableViewPlaceHolder
    - FMDB
    - FTPopOverMenu
    - JKCategories
    - LxDBAnything
    - Masonry
    - MJRefresh
    - ReactiveObjC
    - RxWebViewController
    - SDWebImage
    - SSZipArchive
    - SVProgressHUD
    - "UITableView+FDTemplateLayoutCell"
    - Valet
    - XTBase
    - XTColor
    - XTFMDB
    - XTReq
    - YYModel

SPEC CHECKSUMS:
  AFNetworking: b6f891fdfaed196b46c7a83cf209e09697b94057
  CYLTableViewPlaceHolder: 678e070180a24e2f241adc7830d5d7f5e2abbaa5
  FMDB: 2ce00b547f966261cd18927a3ddb07cb6f3db82a
  FTPopOverMenu: 7b076d7b3ae615f575c22b7ce85258a56370b99e
  JKCategories: b62b30694ebe6d9fe5520b54ba250015dabd6dae
  LxDBAnything: 154a2ad1ae32e70355d886b5443260543bb60c71
  Masonry: 678fab65091a9290e40e2832a55e7ab731aad201
  MJRefresh: 697f8ec75ebdbe9207767bb682cf0f51b0d8a41f
  ReactiveObjC: 2a38ea15335de4119d8b17caf1db1484f61db902
  RxWebViewController: 79bcbf51aff13d93db9779404348b052ab0cd440
  SDWebImage: 624d6e296c69b244bcede364c72ae0430ac14681
  SSZipArchive: 41455d4b8d2b6ab93990820b50dc697c2554a322
  SVProgressHUD: 1428aafac632c1f86f62aa4243ec12008d7a51d6
  "UITableView+FDTemplateLayoutCell": 5c949b4a5059c404b442926c0e80f81d10a2d66f
  Valet: 14463ef24fab8fd5809044ecedb61484b799fdd6
  XTBase: cf503a3a2b25d5b979c84efb7938a55af142bcdc
  XTColor: 77dc1fb053ad58e6821d7de84fabbec361402d94
  XTFMDB: c22446d1eeb347974fb579bd9284c9b48a6d4410
  XTReq: 4585e45a443cd4a07d0df3fa7745074edc1d2be6
  YYModel: 2a7fdd96aaa4b86a824e26d0c517de8928c04b30

PODFILE CHECKSUM: 48d1d399bdce7d7a77f13124bee79fc435c3be35

COCOAPODS: 1.5.3
